
Microsoft Visual Studio Solution File, Format Version 12.00
# Visual Studio Version 16
VisualStudioVersion = 16.0.30413.136
MinimumVisualStudioVersion = 10.0.40219.1
Project("{FAE04EC0-301F-11D3-BF4B-00C04F79EFBC}") = "APS", "APS\APS.csproj", "{81E06750-1ACC-4480-AB0F-9C8A53304F12}"
EndProject
Global
	GlobalSection(SolutionConfigurationPlatforms) = preSolution
		Debug|Any CPU = Debug|Any CPU
		Release|Any CPU = Release|Any CPU
	EndGlobalSection
	GlobalSection(ProjectConfigurationPlatforms) = postSolution
		{81E06750-1ACC-4480-AB0F-9C8A53304F12}.Debug|Any CPU.ActiveCfg = Debug|Any CPU
		{81E06750-1ACC-4480-AB0F-9C8A53304F12}.Debug|Any CPU.Build.0 = Debug|Any CPU
		{81E06750-1ACC-4480-AB0F-9C8A53304F12}.Release|Any CPU.ActiveCfg = Release|Any CPU
		{81E06750-1ACC-4480-AB0F-9C8A53304F12}.Release|Any CPU.Build.0 = Release|Any CPU
	EndGlobalSection
	GlobalSection(SolutionProperties) = preSolution
		HideSolutionNode = FALSE
	EndGlobalSection
	GlobalSection(ExtensibilityGlobals) = postSolution
		SolutionGuid = {3419531E-A817-4F64-8093-A5603E4FD063}
	EndGlobalSection
EndGlobal
